# THIS IS AN AUTOGENERATED FILE. DO NOT EDIT THIS FILE DIRECTLY.
# yarn lockfile v1


crypto@^1.0.1:
  version "1.0.1"
  resolved "https://registry.yarnpkg.com/crypto/-/crypto-1.0.1.tgz#2af1b7cad8175d24c8a1b0778255794a21803037"
  integrity sha512-VxBKmeNcqQdiUQUW2Tzq0t377b54N2bMtXO/qiLa+6eRRmmC4qT3D4OnTGoT/U6O9aklQ/jTwbOtRMTTY8G0Ig==

csv-generate@^4.4.2:
  version "4.4.2"
  resolved "https://registry.yarnpkg.com/csv-generate/-/csv-generate-4.4.2.tgz#001d7eda4993a72d24f73e15c9b9d7b251af8a2e"
  integrity sha512-W6nVsf+rz0J3yo9FOjeer7tmzBJKaTTxf7K0uw6GZgRocZYPVpuSWWa5/aoWWrjQZj4/oNIKTYapOM7hiNjVMA==

csv-parse@^5.6.0:
  version "5.6.0"
  resolved "https://registry.yarnpkg.com/csv-parse/-/csv-parse-5.6.0.tgz#219beace2a3e9f28929999d2aa417d3fb3071c7f"
  integrity sha512-l3nz3euub2QMg5ouu5U09Ew9Wf6/wQ8I++ch1loQ0ljmzhmfZYrH9fflS22i/PQEvsPvxCwxgz5q7UB8K1JO4Q==

csv-stringify@^6.5.2:
  version "6.5.2"
  resolved "https://registry.yarnpkg.com/csv-stringify/-/csv-stringify-6.5.2.tgz#b51d61cd949906d5b5b790463f3055d95915193e"
  integrity sha512-RFPahj0sXcmUyjrObAK+DOWtMvMIFV328n4qZJhgX3x2RqkQgOTU2mCUmiFR0CzM6AzChlRSUErjiJeEt8BaQA==

csv@^6.0.5:
  version "6.3.11"
  resolved "https://registry.yarnpkg.com/csv/-/csv-6.3.11.tgz#c6dd1242e7543f67148827c6458ea668aee583f0"
  integrity sha512-a8bhT76Q546jOElHcTrkzWY7Py925mfLO/jqquseH61ThOebYwOjLbWHBqdRB4K1VpU36sTyIei6Jwj7QdEZ7g==
  dependencies:
    csv-generate "^4.4.2"
    csv-parse "^5.6.0"
    csv-stringify "^6.5.2"
    stream-transform "^3.3.3"

fs@^0.0.1-security:
  version "0.0.1-security"
  resolved "https://registry.yarnpkg.com/fs/-/fs-0.0.1-security.tgz#8a7bd37186b6dddf3813f23858b57ecaaf5e41d4"
  integrity sha512-3XY9e1pP0CVEUCdj5BmfIZxRBTSDycnbqhIOGec9QYtmVH2fbLpj86CFWkrNOkt/Fvty4KZG5lTglL9j/gJ87w==

luxon@^2.3.1:
  version "2.5.2"
  resolved "https://registry.yarnpkg.com/luxon/-/luxon-2.5.2.tgz#17ed497f0277e72d58a4756d6a9abee4681457b6"
  integrity sha512-Yg7/RDp4nedqmLgyH0LwgGRvMEKVzKbUdkBYyCosbHgJ+kaOUx0qzSiSatVc3DFygnirTPYnMM2P5dg2uH1WvA==

object-hash@^3.0.0:
  version "3.0.0"
  resolved "https://registry.yarnpkg.com/object-hash/-/object-hash-3.0.0.tgz#73f97f753e7baffc0e2cc9d6e079079744ac82e9"
  integrity sha512-RSn9F68PjH9HqtltsSnqYC1XXoWe9Bju5+213R98cNGttag9q9yAOTzdbsqvIa7aNm5WffBZFpWYr2aWrklWAw==

stream-transform@^3.3.3:
  version "3.3.3"
  resolved "https://registry.yarnpkg.com/stream-transform/-/stream-transform-3.3.3.tgz#d130bfed33739de6ef190a8f06cc8ad1b4c1635a"
  integrity sha512-dALXrXe+uq4aO5oStdHKlfCM/b3NBdouigvxVPxCdrMRAU6oHh3KNss20VbTPQNQmjAHzZGKGe66vgwegFEIog==
